
Microsoft Visual Studio Solution File, Format Version 12.00
# Visual Studio 2013
VisualStudioVersion = 12.0.20827.3
MinimumVisualStudioVersion = 10.0.40219.1
Project("{FAE04EC0-301F-11D3-BF4B-00C04F79EFBC}") = "Simple.Web.Windsor.Owin", "src\Simple.Web.Windsor.Owin.csproj", "{4F2F16F0-0792-418C-BEF0-C999B3FBCFA7}"
EndProject
Global
	GlobalSection(SolutionConfigurationPlatforms) = preSolution
		Debug|Any CPU = Debug|Any CPU
		Release|Any CPU = Release|Any CPU
	EndGlobalSection
	GlobalSection(ProjectConfigurationPlatforms) = postSolution
		{4F2F16F0-0792-418C-BEF0-C999B3FBCFA7}.Debug|Any CPU.ActiveCfg = Debug|Any CPU
		{4F2F16F0-0792-418C-BEF0-C999B3FBCFA7}.Debug|Any CPU.Build.0 = Debug|Any CPU
		{4F2F16F0-0792-418C-BEF0-C999B3FBCFA7}.Release|Any CPU.ActiveCfg = Release|Any CPU
		{4F2F16F0-0792-418C-BEF0-C999B3FBCFA7}.Release|Any CPU.Build.0 = Release|Any CPU
	EndGlobalSection
	GlobalSection(SolutionProperties) = preSolution
		HideSolutionNode = FALSE
	EndGlobalSection
EndGlobal
